
Microsoft Visual Studio Solution File, Format Version 12.00
# Visual Studio Version 16
VisualStudioVersion = 16.0.810.23
MinimumVisualStudioVersion = 10.0.40219.1
Project("{FAE04EC0-301F-11D3-BF4B-00C04F79EFBC}") = "vn_mode_csharp_dz10", "vn_mode_csharp_dz10.csproj", "{CD72A564-F244-439D-97FA-4FD86BEA3C26}"
EndProject
Global
	GlobalSection(SolutionConfigurationPlatforms) = preSolution
		Debug|Any CPU = Debug|Any CPU
		Release|Any CPU = Release|Any CPU
	EndGlobalSection
	GlobalSection(ProjectConfigurationPlatforms) = postSolution
		{CD72A564-F244-439D-97FA-4FD86BEA3C26}.Debug|Any CPU.ActiveCfg = Debug|Any CPU
		{CD72A564-F244-439D-97FA-4FD86BEA3C26}.Debug|Any CPU.Build.0 = Debug|Any CPU
		{CD72A564-F244-439D-97FA-4FD86BEA3C26}.Release|Any CPU.ActiveCfg = Release|Any CPU
		{CD72A564-F244-439D-97FA-4FD86BEA3C26}.Release|Any CPU.Build.0 = Release|Any CPU
	EndGlobalSection
	GlobalSection(SolutionProperties) = preSolution
		HideSolutionNode = FALSE
	EndGlobalSection
	GlobalSection(ExtensibilityGlobals) = postSolution
		SolutionGuid = {BA0A0B09-BB88-4149-9EB3-86D7841A5001}
	EndGlobalSection
EndGlobal
